
Microsoft Visual Studio Solution File, Format Version 12.00
# Visual Studio 2013
VisualStudioVersion = 12.0.31101.0
MinimumVisualStudioVersion = 10.0.40219.1
Project("{FAE04EC0-301F-11D3-BF4B-00C04F79EFBC}") = "DocService.Host", "DocService.Host\DocService.Host.csproj", "{89FEB50E-3134-4B6A-A4E1-34D62177E63D}"
EndProject
Project("{FAE04EC0-301F-11D3-BF4B-00C04F79EFBC}") = "DocService.Watcher", "DocService.Watcher\DocService.Watcher.csproj", "{054CF6CE-F6BD-4AC7-A3BE-B42D9784DA33}"
EndProject
Project("{FAE04EC0-301F-11D3-BF4B-00C04F79EFBC}") = "DocService.Core", "DocService.Core\DocService.Core.csproj", "{5887ECA9-62ED-41CB-A416-1CE5CA5A9892}"
EndProject
Project("{FAE04EC0-301F-11D3-BF4B-00C04F79EFBC}") = "DocService.DropboxConnector", "DocService.DropboxConnector\DocService.DropboxConnector.csproj", "{1E26A477-304A-40F6-B1B8-66DD5E0292C2}"
EndProject
Global
	GlobalSection(SolutionConfigurationPlatforms) = preSolution
		Debug|Any CPU = Debug|Any CPU
		Release|Any CPU = Release|Any CPU
	EndGlobalSection
	GlobalSection(ProjectConfigurationPlatforms) = postSolution
		{89FEB50E-3134-4B6A-A4E1-34D62177E63D}.Debug|Any CPU.ActiveCfg = Debug|Any CPU
		{89FEB50E-3134-4B6A-A4E1-34D62177E63D}.Debug|Any CPU.Build.0 = Debug|Any CPU
		{89FEB50E-3134-4B6A-A4E1-34D62177E63D}.Release|Any CPU.ActiveCfg = Release|Any CPU
		{89FEB50E-3134-4B6A-A4E1-34D62177E63D}.Release|Any CPU.Build.0 = Release|Any CPU
		{054CF6CE-F6BD-4AC7-A3BE-B42D9784DA33}.Debug|Any CPU.ActiveCfg = Debug|Any CPU
		{054CF6CE-F6BD-4AC7-A3BE-B42D9784DA33}.Debug|Any CPU.Build.0 = Debug|Any CPU
		{054CF6CE-F6BD-4AC7-A3BE-B42D9784DA33}.Release|Any CPU.ActiveCfg = Release|Any CPU
		{054CF6CE-F6BD-4AC7-A3BE-B42D9784DA33}.Release|Any CPU.Build.0 = Release|Any CPU
		{5887ECA9-62ED-41CB-A416-1CE5CA5A9892}.Debug|Any CPU.ActiveCfg = Debug|Any CPU
		{5887ECA9-62ED-41CB-A416-1CE5CA5A9892}.Debug|Any CPU.Build.0 = Debug|Any CPU
		{5887ECA9-62ED-41CB-A416-1CE5CA5A9892}.Release|Any CPU.ActiveCfg = Release|Any CPU
		{5887ECA9-62ED-41CB-A416-1CE5CA5A9892}.Release|Any CPU.Build.0 = Release|Any CPU
		{1E26A477-304A-40F6-B1B8-66DD5E0292C2}.Debug|Any CPU.ActiveCfg = Debug|Any CPU
		{1E26A477-304A-40F6-B1B8-66DD5E0292C2}.Debug|Any CPU.Build.0 = Debug|Any CPU
		{1E26A477-304A-40F6-B1B8-66DD5E0292C2}.Release|Any CPU.ActiveCfg = Release|Any CPU
		{1E26A477-304A-40F6-B1B8-66DD5E0292C2}.Release|Any CPU.Build.0 = Release|Any CPU
	EndGlobalSection
	GlobalSection(SolutionProperties) = preSolution
		HideSolutionNode = FALSE
	EndGlobalSection
EndGlobal
